// !$*UTF8*$!
{
	archiveVersion = 1;
	classes = {
	};
	objectVersion = 51;
	objects = {

/* Begin PBXBuildFile section */
		3B1F1A9D2277B132001655B6 /* Post.swift in Sources */ = {isa = PBXBuildFile; fileRef = 3B1F1A9C2277B131001655B6 /* Post.swift */; };
		3B1F1A9F2277B3D3001655B6 /* DatabaseRepresentation.swift in Sources */ = {isa = PBXBuildFile; fileRef = 3B1F1A9E2277B3D2001655B6 /* DatabaseRepresentation.swift */; };
		3B3700BF2282852300E65BF9 /* MessageDetailViewController.swift in Sources */ = {isa = PBXBuildFile; fileRef = 3B3700BE2282852300E65BF9 /* MessageDetailViewController.swift */; };
		3B5EA19D22798269005D9E5F /* AppController.swift in Sources */ = {isa = PBXBuildFile; fileRef = 3B5EA19C22798269005D9E5F /* AppController.swift */; };
		3B5EA19F22798281005D9E5F /* AppSettings.swift in Sources */ = {isa = PBXBuildFile; fileRef = 3B5EA19E22798281005D9E5F /* AppSettings.swift */; };
		3B5EA1A12279829C005D9E5F /* LoginViewController.swift in Sources */ = {isa = PBXBuildFile; fileRef = 3B5EA1A02279829C005D9E5F /* LoginViewController.swift */; };
		3B67DDA622854FFB0083F657 /* PushNotificationManager.swift in Sources */ = {isa = PBXBuildFile; fileRef = 3B67DDA522854FFB0083F657 /* PushNotificationManager.swift */; };
		3B82425C227EA0CC00C0A6CA /* String+Additions.swift in Sources */ = {isa = PBXBuildFile; fileRef = 3B82425B227EA0CC00C0A6CA /* String+Additions.swift */; };
		3B824260227EB77B00C0A6CA /* HandleSelectionViewController.swift in Sources */ = {isa = PBXBuildFile; fileRef = 3B82425F227EB77B00C0A6CA /* HandleSelectionViewController.swift */; };
		3B824262227F6DE400C0A6CA /* Date+Additions.swift in Sources */ = {isa = PBXBuildFile; fileRef = 3B824261227F6DE400C0A6CA /* Date+Additions.swift */; };
		3BAAC09522780F68007C5DCE /* ChatViewController.swift in Sources */ = {isa = PBXBuildFile; fileRef = 3BAAC09422780F68007C5DCE /* ChatViewController.swift */; };
		3BC2AFEE22781D5500B01F32 /* Message.swift in Sources */ = {isa = PBXBuildFile; fileRef = 3BC2AFED22781D5500B01F32 /* Message.swift */; };
		3BC2AFF022781D7A00B01F32 /* UIColor+Additions.swift in Sources */ = {isa = PBXBuildFile; fileRef = 3BC2AFEF22781D7A00B01F32 /* UIColor+Additions.swift */; };
		3BC2AFF222781D8B00B01F32 /* UICollectionView+Additions.swift in Sources */ = {isa = PBXBuildFile; fileRef = 3BC2AFF122781D8B00B01F32 /* UICollectionView+Additions.swift */; };
		3BC2AFF422781DBE00B01F32 /* UIImage+Additions.swift in Sources */ = {isa = PBXBuildFile; fileRef = 3BC2AFF322781DBE00B01F32 /* UIImage+Additions.swift */; };
		3BC2AFF622781DC600B01F32 /* UIView+Additions.swift in Sources */ = {isa = PBXBuildFile; fileRef = 3BC2AFF522781DC600B01F32 /* UIView+Additions.swift */; };
		3BC2AFFE227826E300B01F32 /* NSDate+Additions.swift in Sources */ = {isa = PBXBuildFile; fileRef = 3BC2AFFD227826E300B01F32 /* NSDate+Additions.swift */; };
		8A1B98AF228E2B5D0033DF11 /* MembersListViewController.swift in Sources */ = {isa = PBXBuildFile; fileRef = 8A1B98AE228E2B5D0033DF11 /* MembersListViewController.swift */; };
		8A1B98B1228E2D240033DF11 /* MemberTableViewCell.swift in Sources */ = {isa = PBXBuildFile; fileRef = 8A1B98B0228E2D240033DF11 /* MemberTableViewCell.swift */; };
		8A1B98B3228E55F00033DF11 /* AnimatedTabController.swift in Sources */ = {isa = PBXBuildFile; fileRef = 8A1B98B2228E55F00033DF11 /* AnimatedTabController.swift */; };
		8A1B98B52292963C0033DF11 /* ChangeHandleViewController.swift in Sources */ = {isa = PBXBuildFile; fileRef = 8A1B98B42292963C0033DF11 /* ChangeHandleViewController.swift */; };
		8A1B98B72294CC570033DF11 /* Poll.swift in Sources */ = {isa = PBXBuildFile; fileRef = 8A1B98B62294CC570033DF11 /* Poll.swift */; };
		8A1B98B92294CCD10033DF11 /* Vote.swift in Sources */ = {isa = PBXBuildFile; fileRef = 8A1B98B82294CCD10033DF11 /* Vote.swift */; };
		8A1B98BB2294DEC60033DF11 /* PollTableViewCell.swift in Sources */ = {isa = PBXBuildFile; fileRef = 8A1B98BA2294DEC60033DF11 /* PollTableViewCell.swift */; };
		8A1B98BF229513660033DF11 /* FillResultsView.swift in Sources */ = {isa = PBXBuildFile; fileRef = 8A1B98BE229513660033DF11 /* FillResultsView.swift */; };
		8A1B98C1229525410033DF11 /* UITextField+Additions.swift in Sources */ = {isa = PBXBuildFile; fileRef = 8A1B98C0229525410033DF11 /* UITextField+Additions.swift */; };
		8A1F306A227A18050065D370 /* GoogleService-Info.plist in Resources */ = {isa = PBXBuildFile; fileRef = 8A1F3069227A18050065D370 /* GoogleService-Info.plist */; };
		8A1F306C227A23AC0065D370 /* Heart.swift in Sources */ = {isa = PBXBuildFile; fileRef = 8A1F306B227A23AC0065D370 /* Heart.swift */; };
		8A1F306E227A27020065D370 /* TabBar+Additions.swift in Sources */ = {isa = PBXBuildFile; fileRef = 8A1F306D227A27020065D370 /* TabBar+Additions.swift */; };
		8A1F3072227A48150065D370 /* MyChatsViewController.swift in Sources */ = {isa = PBXBuildFile; fileRef = 8A1F3071227A48150065D370 /* MyChatsViewController.swift */; };
		8A1F3074227A57B70065D370 /* ChatPreviewTableViewCell.swift in Sources */ = {isa = PBXBuildFile; fileRef = 8A1F3073227A57B70065D370 /* ChatPreviewTableViewCell.swift */; };
		8A1F3076227B7F0F0065D370 /* Student.swift in Sources */ = {isa = PBXBuildFile; fileRef = 8A1F3075227B7F0F0065D370 /* Student.swift */; };
		8A2C8F14227536FF00188975 /* Colors.swift in Sources */ = {isa = PBXBuildFile; fileRef = 8A2C8F13227536FF00188975 /* Colors.swift */; };
		8A5AF90D2273D31500E4AC1A /* AppDelegate.swift in Sources */ = {isa = PBXBuildFile; fileRef = 8A5AF90C2273D31500E4AC1A /* AppDelegate.swift */; };
		8A5AF9122273D31500E4AC1A /* Main.storyboard in Resources */ = {isa = PBXBuildFile; fileRef = 8A5AF9102273D31500E4AC1A /* Main.storyboard */; };
		8A5AF9152273D31500E4AC1A /* RealTalk.xcdatamodeld in Sources */ = {isa = PBXBuildFile; fileRef = 8A5AF9132273D31500E4AC1A /* RealTalk.xcdatamodeld */; };
		8A5AF9172273D31700E4AC1A /* Assets.xcassets in Resources */ = {isa = PBXBuildFile; fileRef = 8A5AF9162273D31700E4AC1A /* Assets.xcassets */; };
		8A5AF91A2273D31700E4AC1A /* LaunchScreen.storyboard in Resources */ = {isa = PBXBuildFile; fileRef = 8A5AF9182273D31700E4AC1A /* LaunchScreen.storyboard */; };
		8A5AF92222743F9E00E4AC1A /* HomeViewController.swift in Sources */ = {isa = PBXBuildFile; fileRef = 8A5AF92122743F9E00E4AC1A /* HomeViewController.swift */; };
		8A5AF9242275088A00E4AC1A /* PostTableViewCell.swift in Sources */ = {isa = PBXBuildFile; fileRef = 8A5AF9232275088A00E4AC1A /* PostTableViewCell.swift */; };
		8A5AF9282275266C00E4AC1A /* CreatePostViewController.swift in Sources */ = {isa = PBXBuildFile; fileRef = 8A5AF9272275266C00E4AC1A /* CreatePostViewController.swift */; };
		8AB7D7AB2287C5F100DBBC04 /* CustomNotif.swift in Sources */ = {isa = PBXBuildFile; fileRef = 8AB7D7AA2287C5F100DBBC04 /* CustomNotif.swift */; };
		8AB7D7AF2287C6AD00DBBC04 /* DateHelper.swift in Sources */ = {isa = PBXBuildFile; fileRef = 8AB7D7AE2287C6AD00DBBC04 /* DateHelper.swift */; };
		8AB7D7B12287C93600DBBC04 /* NotificationsViewController.swift in Sources */ = {isa = PBXBuildFile; fileRef = 8AB7D7B02287C93600DBBC04 /* NotificationsViewController.swift */; };
		8AB7D7B32287CAF900DBBC04 /* BadgeButton.swift in Sources */ = {isa = PBXBuildFile; fileRef = 8AB7D7B22287CAF900DBBC04 /* BadgeButton.swift */; };
		8ABB643722822FD400E33C0F /* Report.swift in Sources */ = {isa = PBXBuildFile; fileRef = 8ABB643622822FD400E33C0F /* Report.swift */; };
		8ABB64392282708100E33C0F /* OnlineOfflineManager.swift in Sources */ = {isa = PBXBuildFile; fileRef = 8ABB64382282708100E33C0F /* OnlineOfflineManager.swift */; };
		9F71B75505BC8C73CAEF8894 /* Pods_RealTalk.framework in Frameworks */ = {isa = PBXBuildFile; fileRef = E2869E8359ECA7ECECC54B28 /* Pods_RealTalk.framework */; };
/* End PBXBuildFile section */

/* Begin PBXFileReference section */
		3B1F1A9C2277B131001655B6 /* Post.swift */ = {isa = PBXFileReference; fileEncoding = 4; lastKnownFileType = sourcecode.swift; path = Post.swift; sourceTree = "<group>"; };
		3B1F1A9E2277B3D2001655B6 /* DatabaseRepresentation.swift */ = {isa = PBXFileReference; fileEncoding = 4; lastKnownFileType = sourcecode.swift; path = DatabaseRepresentation.swift; sourceTree = "<group>"; };
		3B311EC7227E5F7700893EA2 /* RealTalk.entitlements */ = {isa = PBXFileReference; lastKnownFileType = text.plist.entitlements; path = RealTalk.entitlements; sourceTree = "<group>"; };
		3B3700BE2282852300E65BF9 /* MessageDetailViewController.swift */ = {isa = PBXFileReference; lastKnownFileType = sourcecode.swift; path = MessageDetailViewController.swift; sourceTree = "<group>"; };
		3B5EA19C22798269005D9E5F /* AppController.swift */ = {isa = PBXFileReference; fileEncoding = 4; lastKnownFileType = sourcecode.swift; path = AppController.swift; sourceTree = "<group>"; };
		3B5EA19E22798281005D9E5F /* AppSettings.swift */ = {isa = PBXFileReference; fileEncoding = 4; lastKnownFileType = sourcecode.swift; path = AppSettings.swift; sourceTree = "<group>"; };
		3B5EA1A02279829C005D9E5F /* LoginViewController.swift */ = {isa = PBXFileReference; fileEncoding = 4; lastKnownFileType = sourcecode.swift; path = LoginViewController.swift; sourceTree = "<group>"; };
		3B67DDA522854FFB0083F657 /* PushNotificationManager.swift */ = {isa = PBXFileReference; fileEncoding = 4; lastKnownFileType = sourcecode.swift; path = PushNotificationManager.swift; sourceTree = "<group>"; };
		3B82425B227EA0CC00C0A6CA /* String+Additions.swift */ = {isa = PBXFileReference; lastKnownFileType = sourcecode.swift; path = "String+Additions.swift"; sourceTree = "<group>"; };
		3B82425F227EB77B00C0A6CA /* HandleSelectionViewController.swift */ = {isa = PBXFileReference; fileEncoding = 4; lastKnownFileType = sourcecode.swift; path = HandleSelectionViewController.swift; sourceTree = "<group>"; };
		3B824261227F6DE400C0A6CA /* Date+Additions.swift */ = {isa = PBXFileReference; lastKnownFileType = sourcecode.swift; path = "Date+Additions.swift"; sourceTree = "<group>"; };
		3BAAC09422780F68007C5DCE /* ChatViewController.swift */ = {isa = PBXFileReference; fileEncoding = 4; lastKnownFileType = sourcecode.swift; path = ChatViewController.swift; sourceTree = "<group>"; };
		3BC2AFED22781D5500B01F32 /* Message.swift */ = {isa = PBXFileReference; lastKnownFileType = sourcecode.swift; path = Message.swift; sourceTree = "<group>"; };
		3BC2AFEF22781D7A00B01F32 /* UIColor+Additions.swift */ = {isa = PBXFileReference; lastKnownFileType = sourcecode.swift; path = "UIColor+Additions.swift"; sourceTree = "<group>"; };
		3BC2AFF122781D8B00B01F32 /* UICollectionView+Additions.swift */ = {isa = PBXFileReference; lastKnownFileType = sourcecode.swift; path = "UICollectionView+Additions.swift"; sourceTree = "<group>"; };
		3BC2AFF322781DBE00B01F32 /* UIImage+Additions.swift */ = {isa = PBXFileReference; fileEncoding = 4; lastKnownFileType = sourcecode.swift; path = "UIImage+Additions.swift"; sourceTree = "<group>"; };
		3BC2AFF522781DC600B01F32 /* UIView+Additions.swift */ = {isa = PBXFileReference; fileEncoding = 4; lastKnownFileType = sourcecode.swift; path = "UIView+Additions.swift"; sourceTree = "<group>"; };
		3BC2AFFD227826E300B01F32 /* NSDate+Additions.swift */ = {isa = PBXFileReference; lastKnownFileType = sourcecode.swift; path = "NSDate+Additions.swift"; sourceTree = "<group>"; };
		51901FD10A1D8ADCECBB9236 /* Pods-RealTalk.release.xcconfig */ = {isa = PBXFileReference; includeInIndex = 1; lastKnownFileType = text.xcconfig; name = "Pods-RealTalk.release.xcconfig"; path = "Pods/Target Support Files/Pods-RealTalk/Pods-RealTalk.release.xcconfig"; sourceTree = "<group>"; };
		8A1B98AE228E2B5D0033DF11 /* MembersListViewController.swift */ = {isa = PBXFileReference; lastKnownFileType = sourcecode.swift; path = MembersListViewController.swift; sourceTree = "<group>"; };
		8A1B98B0228E2D240033DF11 /* MemberTableViewCell.swift */ = {isa = PBXFileReference; lastKnownFileType = sourcecode.swift; path = MemberTableViewCell.swift; sourceTree = "<group>"; };
		8A1B98B2228E55F00033DF11 /* AnimatedTabController.swift */ = {isa = PBXFileReference; lastKnownFileType = sourcecode.swift; path = AnimatedTabController.swift; sourceTree = "<group>"; };
		8A1B98B42292963C0033DF11 /* ChangeHandleViewController.swift */ = {isa = PBXFileReference; lastKnownFileType = sourcecode.swift; path = ChangeHandleViewController.swift; sourceTree = "<group>"; };
		8A1B98B62294CC570033DF11 /* Poll.swift */ = {isa = PBXFileReference; lastKnownFileType = sourcecode.swift; path = Poll.swift; sourceTree = "<group>"; };
		8A1B98B82294CCD10033DF11 /* Vote.swift */ = {isa = PBXFileReference; lastKnownFileType = sourcecode.swift; path = Vote.swift; sourceTree = "<group>"; };
		8A1B98BA2294DEC60033DF11 /* PollTableViewCell.swift */ = {isa = PBXFileReference; lastKnownFileType = sourcecode.swift; path = PollTableViewCell.swift; sourceTree = "<group>"; };
		8A1B98BE229513660033DF11 /* FillResultsView.swift */ = {isa = PBXFileReference; lastKnownFileType = sourcecode.swift; path = FillResultsView.swift; sourceTree = "<group>"; };
		8A1B98C0229525410033DF11 /* UITextField+Additions.swift */ = {isa = PBXFileReference; lastKnownFileType = sourcecode.swift; path = "UITextField+Additions.swift"; sourceTree = "<group>"; };
		8A1F3069227A18050065D370 /* GoogleService-Info.plist */ = {isa = PBXFileReference; fileEncoding = 4; lastKnownFileType = text.plist.xml; path = "GoogleService-Info.plist"; sourceTree = "<group>"; };
		8A1F306B227A23AC0065D370 /* Heart.swift */ = {isa = PBXFileReference; lastKnownFileType = sourcecode.swift; path = Heart.swift; sourceTree = "<group>"; };
		8A1F306D227A27020065D370 /* TabBar+Additions.swift */ = {isa = PBXFileReference; lastKnownFileType = sourcecode.swift; path = "TabBar+Additions.swift"; sourceTree = "<group>"; };
		8A1F3071227A48150065D370 /* MyChatsViewController.swift */ = {isa = PBXFileReference; lastKnownFileType = sourcecode.swift; path = MyChatsViewController.swift; sourceTree = "<group>"; };
		8A1F3073227A57B70065D370 /* ChatPreviewTableViewCell.swift */ = {isa = PBXFileReference; lastKnownFileType = sourcecode.swift; path = ChatPreviewTableViewCell.swift; sourceTree = "<group>"; };
		8A1F3075227B7F0F0065D370 /* Student.swift */ = {isa = PBXFileReference; lastKnownFileType = sourcecode.swift; path = Student.swift; sourceTree = "<group>"; };
		8A2C8F13227536FF00188975 /* Colors.swift */ = {isa = PBXFileReference; lastKnownFileType = sourcecode.swift; path = Colors.swift; sourceTree = "<group>"; };
		8A5AF9092273D31500E4AC1A /* RealTalk.app */ = {isa = PBXFileReference; explicitFileType = wrapper.application; includeInIndex = 0; path = RealTalk.app; sourceTree = BUILT_PRODUCTS_DIR; };
		8A5AF90C2273D31500E4AC1A /* AppDelegate.swift */ = {isa = PBXFileReference; lastKnownFileType = sourcecode.swift; path = AppDelegate.swift; sourceTree = "<group>"; };
		8A5AF9112273D31500E4AC1A /* Base */ = {isa = PBXFileReference; lastKnownFileType = file.storyboard; name = Base; path = Base.lproj/Main.storyboard; sourceTree = "<group>"; };
		8A5AF9142273D31500E4AC1A /* RealTalk.xcdatamodel */ = {isa = PBXFileReference; lastKnownFileType = wrapper.xcdatamodel; path = RealTalk.xcdatamodel; sourceTree = "<group>"; };
		8A5AF9162273D31700E4AC1A /* Assets.xcassets */ = {isa = PBXFileReference; lastKnownFileType = folder.assetcatalog; path = Assets.xcassets; sourceTree = "<group>"; };
		8A5AF9192273D31700E4AC1A /* Base */ = {isa = PBXFileReference; lastKnownFileType = file.storyboard; name = Base; path = Base.lproj/LaunchScreen.storyboard; sourceTree = "<group>"; };
		8A5AF91B2273D31700E4AC1A /* Info.plist */ = {isa = PBXFileReference; lastKnownFileType = text.plist.xml; path = Info.plist; sourceTree = "<group>"; };
		8A5AF92122743F9E00E4AC1A /* HomeViewController.swift */ = {isa = PBXFileReference; lastKnownFileType = sourcecode.swift; path = HomeViewController.swift; sourceTree = "<group>"; };
		8A5AF9232275088A00E4AC1A /* PostTableViewCell.swift */ = {isa = PBXFileReference; lastKnownFileType = sourcecode.swift; path = PostTableViewCell.swift; sourceTree = "<group>"; };
		8A5AF9272275266C00E4AC1A /* CreatePostViewController.swift */ = {isa = PBXFileReference; lastKnownFileType = sourcecode.swift; path = CreatePostViewController.swift; sourceTree = "<group>"; };
		8AB7D7AA2287C5F100DBBC04 /* CustomNotif.swift */ = {isa = PBXFileReference; lastKnownFileType = sourcecode.swift; path = CustomNotif.swift; sourceTree = "<group>"; };
		8AB7D7AE2287C6AD00DBBC04 /* DateHelper.swift */ = {isa = PBXFileReference; lastKnownFileType = sourcecode.swift; path = DateHelper.swift; sourceTree = "<group>"; };
		8AB7D7B02287C93600DBBC04 /* NotificationsViewController.swift */ = {isa = PBXFileReference; lastKnownFileType = sourcecode.swift; path = NotificationsViewController.swift; sourceTree = "<group>"; };
		8AB7D7B22287CAF900DBBC04 /* BadgeButton.swift */ = {isa = PBXFileReference; lastKnownFileType = sourcecode.swift; path = BadgeButton.swift; sourceTree = "<group>"; };
		8ABB643622822FD400E33C0F /* Report.swift */ = {isa = PBXFileReference; lastKnownFileType = sourcecode.swift; path = Report.swift; sourceTree = "<group>"; };
		8ABB64382282708100E33C0F /* OnlineOfflineManager.swift */ = {isa = PBXFileReference; lastKnownFileType = sourcecode.swift; path = OnlineOfflineManager.swift; sourceTree = "<group>"; };
		A0570830AB5455B44E73DE65 /* Pods-RealTalk.debug.xcconfig */ = {isa = PBXFileReference; includeInIndex = 1; lastKnownFileType = text.xcconfig; name = "Pods-RealTalk.debug.xcconfig"; path = "Pods/Target Support Files/Pods-RealTalk/Pods-RealTalk.debug.xcconfig"; sourceTree = "<group>"; };
		E2869E8359ECA7ECECC54B28 /* Pods_RealTalk.framework */ = {isa = PBXFileReference; explicitFileType = wrapper.framework; includeInIndex = 0; path = Pods_RealTalk.framework; sourceTree = BUILT_PRODUCTS_DIR; };
/* End PBXFileReference section */

/* Begin PBXFrameworksBuildPhase section */
		8A5AF9062273D31500E4AC1A /* Frameworks */ = {
			isa = PBXFrameworksBuildPhase;
			buildActionMask = 2147483647;
			files = (
				9F71B75505BC8C73CAEF8894 /* Pods_RealTalk.framework in Frameworks */,
			);
			runOnlyForDeploymentPostprocessing = 0;
		};
/* End PBXFrameworksBuildPhase section */

/* Begin PBXGroup section */
		2B485FC7F2A18F87B20AF986 /* Pods */ = {
			isa = PBXGroup;
			children = (
				A0570830AB5455B44E73DE65 /* Pods-RealTalk.debug.xcconfig */,
				51901FD10A1D8ADCECBB9236 /* Pods-RealTalk.release.xcconfig */,
			);
			name = Pods;
			sourceTree = "<group>";
		};
		3BC2AFF722781DCD00B01F32 /* Extensions */ = {
			isa = PBXGroup;
			children = (
				3BC2AFF322781DBE00B01F32 /* UIImage+Additions.swift */,
				3BC2AFF522781DC600B01F32 /* UIView+Additions.swift */,
				8A1B98C0229525410033DF11 /* UITextField+Additions.swift */,
				3B82425B227EA0CC00C0A6CA /* String+Additions.swift */,
				3BC2AFEF22781D7A00B01F32 /* UIColor+Additions.swift */,
				3BC2AFF122781D8B00B01F32 /* UICollectionView+Additions.swift */,
				3BC2AFFD227826E300B01F32 /* NSDate+Additions.swift */,
				8A1F306D227A27020065D370 /* TabBar+Additions.swift */,
				3B824261227F6DE400C0A6CA /* Date+Additions.swift */,
				8AB7D7AE2287C6AD00DBBC04 /* DateHelper.swift */,
				8AB7D7B22287CAF900DBBC04 /* BadgeButton.swift */,
			);
			path = Extensions;
			sourceTree = "<group>";
		};
		3BC2AFF82278259D00B01F32 /* ViewControllers */ = {
			isa = PBXGroup;
			children = (
				3B82425F227EB77B00C0A6CA /* HandleSelectionViewController.swift */,
				8ABB64382282708100E33C0F /* OnlineOfflineManager.swift */,
				3B5EA1A02279829C005D9E5F /* LoginViewController.swift */,
				8A5AF9102273D31500E4AC1A /* Main.storyboard */,
				8A1B98BA2294DEC60033DF11 /* PollTableViewCell.swift */,
				8A1B98BE229513660033DF11 /* FillResultsView.swift */,
				8A1B98B42292963C0033DF11 /* ChangeHandleViewController.swift */,
				8A1B98AE228E2B5D0033DF11 /* MembersListViewController.swift */,
				8A1F3073227A57B70065D370 /* ChatPreviewTableViewCell.swift */,
				8A1F3071227A48150065D370 /* MyChatsViewController.swift */,
				8A5AF9232275088A00E4AC1A /* PostTableViewCell.swift */,
				8A5AF9272275266C00E4AC1A /* CreatePostViewController.swift */,
				3BAAC09422780F68007C5DCE /* ChatViewController.swift */,
				8A5AF92122743F9E00E4AC1A /* HomeViewController.swift */,
				3B3700BE2282852300E65BF9 /* MessageDetailViewController.swift */,
				8A1B98B0228E2D240033DF11 /* MemberTableViewCell.swift */,
				8AB7D7B02287C93600DBBC04 /* NotificationsViewController.swift */,
				8A1B98B2228E55F00033DF11 /* AnimatedTabController.swift */,
			);
			path = ViewControllers;
			sourceTree = "<group>";
		};
		3BC2AFF9227825AD00B01F32 /* Models */ = {
			isa = PBXGroup;
			children = (
				3B1F1A9E2277B3D2001655B6 /* DatabaseRepresentation.swift */,
				3B1F1A9C2277B131001655B6 /* Post.swift */,
				8A1B98B62294CC570033DF11 /* Poll.swift */,
				3BC2AFED22781D5500B01F32 /* Message.swift */,
				8ABB643622822FD400E33C0F /* Report.swift */,
				8A1F306B227A23AC0065D370 /* Heart.swift */,
				8A1F3075227B7F0F0065D370 /* Student.swift */,
				8AB7D7AA2287C5F100DBBC04 /* CustomNotif.swift */,
				8A1B98B82294CCD10033DF11 /* Vote.swift */,
			);
			path = Models;
			sourceTree = "<group>";
		};
		3BC2AFFA227825C900B01F32 /* Supporting Files */ = {
			isa = PBXGroup;
			children = (
				8A1F3069227A18050065D370 /* GoogleService-Info.plist */,
				8A2C8F13227536FF00188975 /* Colors.swift */,
				8A5AF9162273D31700E4AC1A /* Assets.xcassets */,
				8A5AF9182273D31700E4AC1A /* LaunchScreen.storyboard */,
				8A5AF9132273D31500E4AC1A /* RealTalk.xcdatamodeld */,
			);
			path = "Supporting Files";
			sourceTree = "<group>";
		};
		61D39476ECBC089B08501AB5 /* Frameworks */ = {
			isa = PBXGroup;
			children = (
				E2869E8359ECA7ECECC54B28 /* Pods_RealTalk.framework */,
			);
			name = Frameworks;
			sourceTree = "<group>";
		};
		8A5AF9002273D31500E4AC1A = {
			isa = PBXGroup;
			children = (
				8A5AF90B2273D31500E4AC1A /* RealTalk */,
				8A5AF90A2273D31500E4AC1A /* Products */,
				2B485FC7F2A18F87B20AF986 /* Pods */,
				61D39476ECBC089B08501AB5 /* Frameworks */,
			);
			sourceTree = "<group>";
		};
		8A5AF90A2273D31500E4AC1A /* Products */ = {
			isa = PBXGroup;
			children = (
				8A5AF9092273D31500E4AC1A /* RealTalk.app */,
			);
			name = Products;
			sourceTree = "<group>";
		};
		8A5AF90B2273D31500E4AC1A /* RealTalk */ = {
			isa = PBXGroup;
			children = (
				3B67DDA522854FFB0083F657 /* PushNotificationManager.swift */,
				3B311EC7227E5F7700893EA2 /* RealTalk.entitlements */,
				3B5EA19C22798269005D9E5F /* AppController.swift */,
				3B5EA19E22798281005D9E5F /* AppSettings.swift */,
				8A5AF91B2273D31700E4AC1A /* Info.plist */,
				8A5AF90C2273D31500E4AC1A /* AppDelegate.swift */,
				3BC2AFF9227825AD00B01F32 /* Models */,
				3BC2AFF82278259D00B01F32 /* ViewControllers */,
				3BC2AFF722781DCD00B01F32 /* Extensions */,
				3BC2AFFA227825C900B01F32 /* Supporting Files */,
			);
			path = RealTalk;
			sourceTree = "<group>";
		};
/* End PBXGroup section */

/* Begin PBXNativeTarget section */
		8A5AF9082273D31500E4AC1A /* RealTalk */ = {
			isa = PBXNativeTarget;
			buildConfigurationList = 8A5AF91E2273D31700E4AC1A /* Build configuration list for PBXNativeTarget "RealTalk" */;
			buildPhases = (
				D072D57C80CF36A43DD1D21D /* [CP] Check Pods Manifest.lock */,
				8A5AF9052273D31500E4AC1A /* Sources */,
				8A5AF9062273D31500E4AC1A /* Frameworks */,
				8A5AF9072273D31500E4AC1A /* Resources */,
				7F1579CD27D596918C9621CE /* [CP] Embed Pods Frameworks */,
			);
			buildRules = (
			);
			dependencies = (
			);
			name = RealTalk;
			productName = RealTalk;
			productReference = 8A5AF9092273D31500E4AC1A /* RealTalk.app */;
			productType = "com.apple.product-type.application";
		};
/* End PBXNativeTarget section */

/* Begin PBXProject section */
		8A5AF9012273D31500E4AC1A /* Project object */ = {
			isa = PBXProject;
			attributes = {
				LastSwiftUpdateCheck = 1010;
				LastUpgradeCheck = 1010;
				ORGANIZATIONNAME = "Adam Halper";
				TargetAttributes = {
					8A5AF9082273D31500E4AC1A = {
						CreatedOnToolsVersion = 10.1;
						SystemCapabilities = {
							com.apple.ApplicationGroups.iOS = {
								enabled = 0;
							};
							com.apple.Push = {
								enabled = 1;
							};
							com.apple.SafariKeychain = {
								enabled = 1;
							};
						};
					};
				};
			};
			buildConfigurationList = 8A5AF9042273D31500E4AC1A /* Build configuration list for PBXProject "RealTalk" */;
			compatibilityVersion = "Xcode 9.3";
			developmentRegion = en;
			hasScannedForEncodings = 0;
			knownRegions = (
				en,
				Base,
			);
			mainGroup = 8A5AF9002273D31500E4AC1A;
			productRefGroup = 8A5AF90A2273D31500E4AC1A /* Products */;
			projectDirPath = "";
			projectRoot = "";
			targets = (
				8A5AF9082273D31500E4AC1A /* RealTalk */,
			);
		};
/* End PBXProject section */

/* Begin PBXResourcesBuildPhase section */
		8A5AF9072273D31500E4AC1A /* Resources */ = {
			isa = PBXResourcesBuildPhase;
			buildActionMask = 2147483647;
			files = (
				8A5AF91A2273D31700E4AC1A /* LaunchScreen.storyboard in Resources */,
				8A1F306A227A18050065D370 /* GoogleService-Info.plist in Resources */,
				8A5AF9172273D31700E4AC1A /* Assets.xcassets in Resources */,
				8A5AF9122273D31500E4AC1A /* Main.storyboard in Resources */,
			);
			runOnlyForDeploymentPostprocessing = 0;
		};
/* End PBXResourcesBuildPhase section */

/* Begin PBXShellScriptBuildPhase section */
		7F1579CD27D596918C9621CE /* [CP] Embed Pods Frameworks */ = {
			isa = PBXShellScriptBuildPhase;
			buildActionMask = 2147483647;
			files = (
			);
			inputFileListPaths = (
				"${PODS_ROOT}/Target Support Files/Pods-RealTalk/Pods-RealTalk-frameworks-${CONFIGURATION}-input-files.xcfilelist",
			);
			name = "[CP] Embed Pods Frameworks";
			outputFileListPaths = (
				"${PODS_ROOT}/Target Support Files/Pods-RealTalk/Pods-RealTalk-frameworks-${CONFIGURATION}-output-files.xcfilelist",
			);
			runOnlyForDeploymentPostprocessing = 0;
			shellPath = /bin/sh;
			shellScript = "\"${PODS_ROOT}/Target Support Files/Pods-RealTalk/Pods-RealTalk-frameworks.sh\"\n";
			showEnvVarsInLog = 0;
		};
		D072D57C80CF36A43DD1D21D /* [CP] Check Pods Manifest.lock */ = {
			isa = PBXShellScriptBuildPhase;
			buildActionMask = 2147483647;
			files = (
			);
			inputFileListPaths = (
			);
			inputPaths = (
				"${PODS_PODFILE_DIR_PATH}/Podfile.lock",
				"${PODS_ROOT}/Manifest.lock",
			);
			name = "[CP] Check Pods Manifest.lock";
			outputFileListPaths = (
			);
			outputPaths = (
				"$(DERIVED_FILE_DIR)/Pods-RealTalk-checkManifestLockResult.txt",
			);
			runOnlyForDeploymentPostprocessing = 0;
			shellPath = /bin/sh;
			shellScript = "diff \"${PODS_PODFILE_DIR_PATH}/Podfile.lock\" \"${PODS_ROOT}/Manifest.lock\" > /dev/null\nif [ $? != 0 ] ; then\n    # print error to STDERR\n    echo \"error: The sandbox is not in sync with the Podfile.lock. Run 'pod install' or update your CocoaPods installation.\" >&2\n    exit 1\nfi\n# This output is used by Xcode 'outputs' to avoid re-running this script phase.\necho \"SUCCESS\" > \"${SCRIPT_OUTPUT_FILE_0}\"\n";
			showEnvVarsInLog = 0;
		};
/* End PBXShellScriptBuildPhase section */

/* Begin PBXSourcesBuildPhase section */
		8A5AF9052273D31500E4AC1A /* Sources */ = {
			isa = PBXSourcesBuildPhase;
			buildActionMask = 2147483647;
			files = (
				3BC2AFFE227826E300B01F32 /* NSDate+Additions.swift in Sources */,
				8A1B98BB2294DEC60033DF11 /* PollTableViewCell.swift in Sources */,
				8A1F306E227A27020065D370 /* TabBar+Additions.swift in Sources */,
				3B82425C227EA0CC00C0A6CA /* String+Additions.swift in Sources */,
				8A1B98BF229513660033DF11 /* FillResultsView.swift in Sources */,
				3B824262227F6DE400C0A6CA /* Date+Additions.swift in Sources */,
				8A1B98B1228E2D240033DF11 /* MemberTableViewCell.swift in Sources */,
				3B1F1A9D2277B132001655B6 /* Post.swift in Sources */,
				8AB7D7AB2287C5F100DBBC04 /* CustomNotif.swift in Sources */,
				8A1B98B72294CC570033DF11 /* Poll.swift in Sources */,
				3B824260227EB77B00C0A6CA /* HandleSelectionViewController.swift in Sources */,
				8AB7D7B32287CAF900DBBC04 /* BadgeButton.swift in Sources */,
				8A1B98AF228E2B5D0033DF11 /* MembersListViewController.swift in Sources */,
				3BC2AFF022781D7A00B01F32 /* UIColor+Additions.swift in Sources */,
				3BAAC09522780F68007C5DCE /* ChatViewController.swift in Sources */,
				8AB7D7B12287C93600DBBC04 /* NotificationsViewController.swift in Sources */,
				8AB7D7AF2287C6AD00DBBC04 /* DateHelper.swift in Sources */,
				8A1F3074227A57B70065D370 /* ChatPreviewTableViewCell.swift in Sources */,
				3BC2AFF622781DC600B01F32 /* UIView+Additions.swift in Sources */,
				8A1B98B3228E55F00033DF11 /* AnimatedTabController.swift in Sources */,
				8A2C8F14227536FF00188975 /* Colors.swift in Sources */,
				8A1F3072227A48150065D370 /* MyChatsViewController.swift in Sources */,
				8ABB64392282708100E33C0F /* OnlineOfflineManager.swift in Sources */,
				3B5EA1A12279829C005D9E5F /* LoginViewController.swift in Sources */,
				3B1F1A9F2277B3D3001655B6 /* DatabaseRepresentation.swift in Sources */,
				8A5AF9282275266C00E4AC1A /* CreatePostViewController.swift in Sources */,
				3B5EA19D22798269005D9E5F /* AppController.swift in Sources */,
				8A1B98B52292963C0033DF11 /* ChangeHandleViewController.swift in Sources */,
				8A5AF9152273D31500E4AC1A /* RealTalk.xcdatamodeld in Sources */,
				8A1B98B92294CCD10033DF11 /* Vote.swift in Sources */,
				8A5AF9242275088A00E4AC1A /* PostTableViewCell.swift in Sources */,
				3BC2AFEE22781D5500B01F32 /* Message.swift in Sources */,
				8A5AF90D2273D31500E4AC1A /* AppDelegate.swift in Sources */,
				3BC2AFF222781D8B00B01F32 /* UICollectionView+Additions.swift in Sources */,
				8A5AF92222743F9E00E4AC1A /* HomeViewController.swift in Sources */,
				8A1F306C227A23AC0065D370 /* Heart.swift in Sources */,
				8ABB643722822FD400E33C0F /* Report.swift in Sources */,
				3BC2AFF422781DBE00B01F32 /* UIImage+Additions.swift in Sources */,
				3B3700BF2282852300E65BF9 /* MessageDetailViewController.swift in Sources */,
				8A1B98C1229525410033DF11 /* UITextField+Additions.swift in Sources */,
				3B67DDA622854FFB0083F657 /* PushNotificationManager.swift in Sources */,
				3B5EA19F22798281005D9E5F /* AppSettings.swift in Sources */,
				8A1F3076227B7F0F0065D370 /* Student.swift in Sources */,
			);
			runOnlyForDeploymentPostprocessing = 0;
		};
/* End PBXSourcesBuildPhase section */

/* Begin PBXVariantGroup section */
		8A5AF9102273D31500E4AC1A /* Main.storyboard */ = {
			isa = PBXVariantGroup;
			children = (
				8A5AF9112273D31500E4AC1A /* Base */,
			);
			name = Main.storyboard;
			sourceTree = "<group>";
		};
		8A5AF9182273D31700E4AC1A /* LaunchScreen.storyboard */ = {
			isa = PBXVariantGroup;
			children = (
				8A5AF9192273D31700E4AC1A /* Base */,
			);
			name = LaunchScreen.storyboard;
			sourceTree = "<group>";
		};
/* End PBXVariantGroup section */

/* Begin XCBuildConfiguration section */
		8A5AF91C2273D31700E4AC1A /* Debug */ = {
			isa = XCBuildConfiguration;
			buildSettings = {
				ALWAYS_SEARCH_USER_PATHS = NO;
				CLANG_ANALYZER_NONNULL = YES;
				CLANG_ANALYZER_NUMBER_OBJECT_CONVERSION = YES_AGGRESSIVE;
				CLANG_CXX_LANGUAGE_STANDARD = "gnu++14";
				CLANG_CXX_LIBRARY = "libc++";
				CLANG_ENABLE_MODULES = YES;
				CLANG_ENABLE_OBJC_ARC = YES;
				CLANG_ENABLE_OBJC_WEAK = YES;
				CLANG_WARN_BLOCK_CAPTURE_AUTORELEASING = YES;
				CLANG_WARN_BOOL_CONVERSION = YES;
				CLANG_WARN_COMMA = YES;
				CLANG_WARN_CONSTANT_CONVERSION = YES;
				CLANG_WARN_DEPRECATED_OBJC_IMPLEMENTATIONS = YES;
				CLANG_WARN_DIRECT_OBJC_ISA_USAGE = YES_ERROR;
				CLANG_WARN_DOCUMENTATION_COMMENTS = YES;
				CLANG_WARN_EMPTY_BODY = YES;
				CLANG_WARN_ENUM_CONVERSION = YES;
				CLANG_WARN_INFINITE_RECURSION = YES;
				CLANG_WARN_INT_CONVERSION = YES;
				CLANG_WARN_NON_LITERAL_NULL_CONVERSION = YES;
				CLANG_WARN_OBJC_IMPLICIT_RETAIN_SELF = YES;
				CLANG_WARN_OBJC_LITERAL_CONVERSION = YES;
				CLANG_WARN_OBJC_ROOT_CLASS = YES_ERROR;
				CLANG_WARN_RANGE_LOOP_ANALYSIS = YES;
				CLANG_WARN_STRICT_PROTOTYPES = YES;
				CLANG_WARN_SUSPICIOUS_MOVE = YES;
				CLANG_WARN_UNGUARDED_AVAILABILITY = YES_AGGRESSIVE;
				CLANG_WARN_UNREACHABLE_CODE = YES;
				CLANG_WARN__DUPLICATE_METHOD_MATCH = YES;
				CODE_SIGN_IDENTITY = "iPhone Developer";
				COPY_PHASE_STRIP = NO;
				DEBUG_INFORMATION_FORMAT = dwarf;
				ENABLE_STRICT_OBJC_MSGSEND = YES;
				ENABLE_TESTABILITY = YES;
				GCC_C_LANGUAGE_STANDARD = gnu11;
				GCC_DYNAMIC_NO_PIC = NO;
				GCC_NO_COMMON_BLOCKS = YES;
				GCC_OPTIMIZATION_LEVEL = 0;
				GCC_PREPROCESSOR_DEFINITIONS = (
					"DEBUG=1",
					"$(inherited)",
				);
				GCC_WARN_64_TO_32_BIT_CONVERSION = YES;
				GCC_WARN_ABOUT_RETURN_TYPE = YES_ERROR;
				GCC_WARN_UNDECLARED_SELECTOR = YES;
				GCC_WARN_UNINITIALIZED_AUTOS = YES_AGGRESSIVE;
				GCC_WARN_UNUSED_FUNCTION = YES;
				GCC_WARN_UNUSED_VARIABLE = YES;
				IPHONEOS_DEPLOYMENT_TARGET = 12.1;
				MTL_ENABLE_DEBUG_INFO = INCLUDE_SOURCE;
				MTL_FAST_MATH = YES;
				ONLY_ACTIVE_ARCH = YES;
				SDKROOT = iphoneos;
				SWIFT_ACTIVE_COMPILATION_CONDITIONS = DEBUG;
				SWIFT_OPTIMIZATION_LEVEL = "-Onone";
			};
			name = Debug;
		};
		8A5AF91D2273D31700E4AC1A /* Release */ = {
			isa = XCBuildConfiguration;
			buildSettings = {
				ALWAYS_SEARCH_USER_PATHS = NO;
				CLANG_ANALYZER_NONNULL = YES;
				CLANG_ANALYZER_NUMBER_OBJECT_CONVERSION = YES_AGGRESSIVE;
				CLANG_CXX_LANGUAGE_STANDARD = "gnu++14";
				CLANG_CXX_LIBRARY = "libc++";
				CLANG_ENABLE_MODULES = YES;
				CLANG_ENABLE_OBJC_ARC = YES;
				CLANG_ENABLE_OBJC_WEAK = YES;
				CLANG_WARN_BLOCK_CAPTURE_AUTORELEASING = YES;
				CLANG_WARN_BOOL_CONVERSION = YES;
				CLANG_WARN_COMMA = YES;
				CLANG_WARN_CONSTANT_CONVERSION = YES;
				CLANG_WARN_DEPRECATED_OBJC_IMPLEMENTATIONS = YES;
				CLANG_WARN_DIRECT_OBJC_ISA_USAGE = YES_ERROR;
				CLANG_WARN_DOCUMENTATION_COMMENTS = YES;
				CLANG_WARN_EMPTY_BODY = YES;
				CLANG_WARN_ENUM_CONVERSION = YES;
				CLANG_WARN_INFINITE_RECURSION = YES;
				CLANG_WARN_INT_CONVERSION = YES;
				CLANG_WARN_NON_LITERAL_NULL_CONVERSION = YES;
				CLANG_WARN_OBJC_IMPLICIT_RETAIN_SELF = YES;
				CLANG_WARN_OBJC_LITERAL_CONVERSION = YES;
				CLANG_WARN_OBJC_ROOT_CLASS = YES_ERROR;
				CLANG_WARN_RANGE_LOOP_ANALYSIS = YES;
				CLANG_WARN_STRICT_PROTOTYPES = YES;
				CLANG_WARN_SUSPICIOUS_MOVE = YES;
				CLANG_WARN_UNGUARDED_AVAILABILITY = YES_AGGRESSIVE;
				CLANG_WARN_UNREACHABLE_CODE = YES;
				CLANG_WARN__DUPLICATE_METHOD_MATCH = YES;
				CODE_SIGN_IDENTITY = "iPhone Developer";
				COPY_PHASE_STRIP = NO;
				DEBUG_INFORMATION_FORMAT = "dwarf-with-dsym";
				ENABLE_NS_ASSERTIONS = NO;
				ENABLE_STRICT_OBJC_MSGSEND = YES;
				GCC_C_LANGUAGE_STANDARD = gnu11;
				GCC_NO_COMMON_BLOCKS = YES;
				GCC_WARN_64_TO_32_BIT_CONVERSION = YES;
				GCC_WARN_ABOUT_RETURN_TYPE = YES_ERROR;
				GCC_WARN_UNDECLARED_SELECTOR = YES;
				GCC_WARN_UNINITIALIZED_AUTOS = YES_AGGRESSIVE;
				GCC_WARN_UNUSED_FUNCTION = YES;
				GCC_WARN_UNUSED_VARIABLE = YES;
				IPHONEOS_DEPLOYMENT_TARGET = 12.1;
				MTL_ENABLE_DEBUG_INFO = NO;
				MTL_FAST_MATH = YES;
				SDKROOT = iphoneos;
				SWIFT_COMPILATION_MODE = wholemodule;
				SWIFT_OPTIMIZATION_LEVEL = "-O";
				VALIDATE_PRODUCT = YES;
			};
			name = Release;
		};
		8A5AF91F2273D31700E4AC1A /* Debug */ = {
			isa = XCBuildConfiguration;
			baseConfigurationReference = A0570830AB5455B44E73DE65 /* Pods-RealTalk.debug.xcconfig */;
			buildSettings = {
				ASSETCATALOG_COMPILER_APPICON_NAME = AppIcon;
				CODE_SIGN_ENTITLEMENTS = RealTalk/RealTalk.entitlements;
				CODE_SIGN_STYLE = Automatic;
				DEVELOPMENT_TEAM = 3PHM8K6QXJ;
				INFOPLIST_FILE = RealTalk/Info.plist;
				IPHONEOS_DEPLOYMENT_TARGET = 11.0;
				LD_RUNPATH_SEARCH_PATHS = (
					"$(inherited)",
					"@executable_path/Frameworks",
				);
				PRODUCT_BUNDLE_IDENTIFIER = colin.RealTalk;
				PRODUCT_NAME = "$(TARGET_NAME)";
				SWIFT_VERSION = 4.2;
				TARGETED_DEVICE_FAMILY = "1,2";
			};
			name = Debug;
		};
		8A5AF9202273D31700E4AC1A /* Release */ = {
			isa = XCBuildConfiguration;
			baseConfigurationReference = 51901FD10A1D8ADCECBB9236 /* Pods-RealTalk.release.xcconfig */;
			buildSettings = {
				ASSETCATALOG_COMPILER_APPICON_NAME = AppIcon;
				CODE_SIGN_ENTITLEMENTS = RealTalk/RealTalk.entitlements;
				CODE_SIGN_STYLE = Automatic;
				DEVELOPMENT_TEAM = 3PHM8K6QXJ;
				INFOPLIST_FILE = RealTalk/Info.plist;
				IPHONEOS_DEPLOYMENT_TARGET = 11.0;
				LD_RUNPATH_SEARCH_PATHS = (
					"$(inherited)",
					"@executable_path/Frameworks",
				);
				PRODUCT_BUNDLE_IDENTIFIER = colin.RealTalk;
				PRODUCT_NAME = "$(TARGET_NAME)";
				SWIFT_VERSION = 4.2;
				TARGETED_DEVICE_FAMILY = "1,2";
			};
			name = Release;
		};
/* End XCBuildConfiguration section */

/* Begin XCConfigurationList section */
		8A5AF9042273D31500E4AC1A /* Build configuration list for PBXProject "RealTalk" */ = {
			isa = XCConfigurationList;
			buildConfigurations = (
				8A5AF91C2273D31700E4AC1A /* Debug */,
				8A5AF91D2273D31700E4AC1A /* Release */,
			);
			defaultConfigurationIsVisible = 0;
			defaultConfigurationName = Release;
		};
		8A5AF91E2273D31700E4AC1A /* Build configuration list for PBXNativeTarget "RealTalk" */ = {
			isa = XCConfigurationList;
			buildConfigurations = (
				8A5AF91F2273D31700E4AC1A /* Debug */,
				8A5AF9202273D31700E4AC1A /* Release */,
			);
			defaultConfigurationIsVisible = 0;
			defaultConfigurationName = Release;
		};
/* End XCConfigurationList section */

/* Begin XCVersionGroup section */
		8A5AF9132273D31500E4AC1A /* RealTalk.xcdatamodeld */ = {
			isa = XCVersionGroup;
			children = (
				8A5AF9142273D31500E4AC1A /* RealTalk.xcdatamodel */,
			);
			currentVersion = 8A5AF9142273D31500E4AC1A /* RealTalk.xcdatamodel */;
			path = RealTalk.xcdatamodeld;
			sourceTree = "<group>";
			versionGroupType = wrapper.xcdatamodel;
		};
/* End XCVersionGroup section */
	};
	rootObject = 8A5AF9012273D31500E4AC1A /* Project object */;
}
